{
  "name": "PDFObject",
  "lockfileVersion": 3,
  "requires": true,
  "packages": {
    "": {
      "dependencies": {
        "pdfobject": "^2.2.12",
        "pdfobject-vue": "^0.0.4"
      }
    },
    "node_modules/@babel/parser": {
      "version": "7.23.9",
      "resolved": "https://registry.npmjs.org/@babel/parser/-/parser-7.23.9.tgz",
      "integrity": "sha512-9tcKgqKbs3xGJ+NtKF2ndOBBLVwPjl1SHxPQkd36r3Dlirw3xWUeGaTbqr7uGZcTaxkVNwc+03SVP7aCdWrTlA==",
      "peer": true,
      "bin": {
        "parser": "bin/babel-parser.js"
      },
      "engines": {
        "node": ">=6.0.0"
      }
    },
    "node_modules/@jridgewell/sourcemap-codec": {
      "version": "1.4.15",
      "resolved": "https://registry.npmjs.org/@jridgewell/sourcemap-codec/-/sourcemap-codec-1.4.15.tgz",
      "integrity": "sha512-eF2rxCRulEKXHTRiDrDy6erMYWqNw4LPdQ8UQA4huuxaQsVeRPFl2oM8oDGxMFhJUWZf9McpLtJasDDZb/Bpeg==",
      "peer": true
    },
    "node_modules/@vue/compiler-core": {
      "version": "3.4.15",
      "resolved": "https://registry.npmjs.org/@vue/compiler-core/-/compiler-core-3.4.15.tgz",
      "integrity": "sha512-XcJQVOaxTKCnth1vCxEChteGuwG6wqnUHxAm1DO3gCz0+uXKaJNx8/digSz4dLALCy8n2lKq24jSUs8segoqIw==",
      "peer": true,
      "dependencies": {
        "@babel/parser": "^7.23.6",
        "@vue/shared": "3.4.15",
        "entities": "^4.5.0",
        "estree-walker": "^2.0.2",
        "source-map-js": "^1.0.2"
      }
    },
    "node_modules/@vue/compiler-dom": {
      "version": "3.4.15",
      "resolved": "https://registry.npmjs.org/@vue/compiler-dom/-/compiler-dom-3.4.15.tgz",
      "integrity": "sha512-wox0aasVV74zoXyblarOM3AZQz/Z+OunYcIHe1OsGclCHt8RsRm04DObjefaI82u6XDzv+qGWZ24tIsRAIi5MQ==",
      "peer": true,
      "dependencies": {
        "@vue/compiler-core": "3.4.15",
        "@vue/shared": "3.4.15"
      }
    },
    "node_modules/@vue/compiler-sfc": {
      "version": "3.4.15",
      "resolved": "https://registry.npmjs.org/@vue/compiler-sfc/-/compiler-sfc-3.4.15.tgz",
      "integrity": "sha512-LCn5M6QpkpFsh3GQvs2mJUOAlBQcCco8D60Bcqmf3O3w5a+KWS5GvYbrrJBkgvL1BDnTp+e8q0lXCLgHhKguBA==",
      "peer": true,
      "dependencies": {
        "@babel/parser": "^7.23.6",
        "@vue/compiler-core": "3.4.15",
        "@vue/compiler-dom": "3.4.15",
        "@vue/compiler-ssr": "3.4.15",
        "@vue/shared": "3.4.15",
        "estree-walker": "^2.0.2",
        "magic-string": "^0.30.5",
        "postcss": "^8.4.33",
        "source-map-js": "^1.0.2"
      }
    },
    "node_modules/@vue/compiler-ssr": {
      "version": "3.4.15",
      "resolved": "https://registry.npmjs.org/@vue/compiler-ssr/-/compiler-ssr-3.4.15.tgz",
      "integrity": "sha512-1jdeQyiGznr8gjFDadVmOJqZiLNSsMa5ZgqavkPZ8O2wjHv0tVuAEsw5hTdUoUW4232vpBbL/wJhzVW/JwY1Uw==",
      "peer": true,
      "dependencies": {
        "@vue/compiler-dom": "3.4.15",
        "@vue/shared": "3.4.15"
      }
    },
    "node_modules/@vue/reactivity": {
      "version": "3.4.15",
      "resolved": "https://registry.npmjs.org/@vue/reactivity/-/reactivity-3.4.15.tgz",
      "integrity": "sha512-55yJh2bsff20K5O84MxSvXKPHHt17I2EomHznvFiJCAZpJTNW8IuLj1xZWMLELRhBK3kkFV/1ErZGHJfah7i7w==",
      "peer": true,
      "dependencies": {
        "@vue/shared": "3.4.15"
      }
    },
    "node_modules/@vue/runtime-core": {
      "version": "3.4.15",
      "resolved": "https://registry.npmjs.org/@vue/runtime-core/-/runtime-core-3.4.15.tgz",
      "integrity": "sha512-6E3by5m6v1AkW0McCeAyhHTw+3y17YCOKG0U0HDKDscV4Hs0kgNT5G+GCHak16jKgcCDHpI9xe5NKb8sdLCLdw==",
      "peer": true,
      "dependencies": {
        "@vue/reactivity": "3.4.15",
        "@vue/shared": "3.4.15"
      }
    },
    "node_modules/@vue/runtime-dom": {
      "version": "3.4.15",
      "resolved": "https://registry.npmjs.org/@vue/runtime-dom/-/runtime-dom-3.4.15.tgz",
      "integrity": "sha512-EVW8D6vfFVq3V/yDKNPBFkZKGMFSvZrUQmx196o/v2tHKdwWdiZjYUBS+0Ez3+ohRyF8Njwy/6FH5gYJ75liUw==",
      "peer": true,
      "dependencies": {
        "@vue/runtime-core": "3.4.15",
        "@vue/shared": "3.4.15",
        "csstype": "^3.1.3"
      }
    },
    "node_modules/@vue/server-renderer": {
      "version": "3.4.15",
      "resolved": "https://registry.npmjs.org/@vue/server-renderer/-/server-renderer-3.4.15.tgz",
      "integrity": "sha512-3HYzaidu9cHjrT+qGUuDhFYvF/j643bHC6uUN9BgM11DVy+pM6ATsG6uPBLnkwOgs7BpJABReLmpL3ZPAsUaqw==",
      "peer": true,
      "dependencies": {
        "@vue/compiler-ssr": "3.4.15",
        "@vue/shared": "3.4.15"
      },
      "peerDependencies": {
        "vue": "3.4.15"
      }
    },
    "node_modules/@vue/shared": {
      "version": "3.4.15",
      "resolved": "https://registry.npmjs.org/@vue/shared/-/shared-3.4.15.tgz",
      "integrity": "sha512-KzfPTxVaWfB+eGcGdbSf4CWdaXcGDqckoeXUh7SB3fZdEtzPCK2Vq9B/lRRL3yutax/LWITz+SwvgyOxz5V75g==",
      "peer": true
    },
    "node_modules/csstype": {
      "version": "3.1.3",
      "resolved": "https://registry.npmjs.org/csstype/-/csstype-3.1.3.tgz",
      "integrity": "sha512-M1uQkMl8rQK/szD0LNhtqxIPLpimGm8sOBwU7lLnCpSbTyY3yeU1Vc7l4KT5zT4s/yOxHH5O7tIuuLOCnLADRw==",
      "peer": true
    },
    "node_modules/entities": {
      "version": "4.5.0",
      "resolved": "https://registry.npmjs.org/entities/-/entities-4.5.0.tgz",
      "integrity": "sha512-V0hjH4dGPh9Ao5p0MoRY6BVqtwCjhz6vI5LT8AJ55H+4g9/4vbHx1I54fS0XuclLhDHArPQCiMjDxjaL8fPxhw==",
      "peer": true,
      "engines": {
        "node": ">=0.12"
      },
      "funding": {
        "url": "https://github.com/fb55/entities?sponsor=1"
      }
    },
    "node_modules/estree-walker": {
      "version": "2.0.2",
      "resolved": "https://registry.npmjs.org/estree-walker/-/estree-walker-2.0.2.tgz",
      "integrity": "sha512-Rfkk/Mp/DL7JVje3u18FxFujQlTNR2q6QfMSMB7AvCBx91NGj/ba3kCfza0f6dVDbw7YlRf/nDrn7pQrCCyQ/w==",
      "peer": true
    },
    "node_modules/magic-string": {
      "version": "0.30.6",
      "resolved": "https://registry.npmjs.org/magic-string/-/magic-string-0.30.6.tgz",
      "integrity": "sha512-n62qCLbPjNjyo+owKtveQxZFZTBm+Ms6YoGD23Wew6Vw337PElFNifQpknPruVRQV57kVShPnLGo9vWxVhpPvA==",
      "peer": true,
      "dependencies": {
        "@jridgewell/sourcemap-codec": "^1.4.15"
      },
      "engines": {
        "node": ">=12"
      }
    },
    "node_modules/nanoid": {
      "version": "3.3.7",
      "resolved": "https://registry.npmjs.org/nanoid/-/nanoid-3.3.7.tgz",
      "integrity": "sha512-eSRppjcPIatRIMC1U6UngP8XFcz8MQWGQdt1MTBQ7NaAmvXDfvNxbvWV3x2y6CdEUciCSsDHDQZbhYaB8QEo2g==",
      "funding": [
        {
          "type": "github",
          "url": "https://github.com/sponsors/ai"
        }
      ],
      "peer": true,
      "bin": {
        "nanoid": "bin/nanoid.cjs"
      },
      "engines": {
        "node": "^10 || ^12 || ^13.7 || ^14 || >=15.0.1"
      }
    },
    "node_modules/pdfobject": {
      "version": "2.2.12",
      "resolved": "https://registry.npmjs.org/pdfobject/-/pdfobject-2.2.12.tgz",
      "integrity": "sha512-D0oyD/sj8j82AMaJhoyMaY1aD5TkbpU3FbJC6w9/cpJlZRpYHqAkutXw1Ca/FKjYPZmTAu58uGIfgOEaDlbY8A=="
    },
    "node_modules/pdfobject-vue": {
      "version": "0.0.4",
      "resolved": "https://registry.npmjs.org/pdfobject-vue/-/pdfobject-vue-0.0.4.tgz",
      "integrity": "sha512-sk3IqtwyC1j7Gu0rkskOgWnJgDNtCkdwkxvnLGI3xK0pMhgleNw2IWpH41FSNVuE0h5zdjjakpXsv+YH0cbXfA==",
      "peerDependencies": {
        "pdfobject": "^2.2.12",
        "vue": "^3.0.0"
      }
    },
    "node_modules/picocolors": {
      "version": "1.0.0",
      "resolved": "https://registry.npmjs.org/picocolors/-/picocolors-1.0.0.tgz",
      "integrity": "sha512-1fygroTLlHu66zi26VoTDv8yRgm0Fccecssto+MhsZ0D/DGW2sm8E8AjW7NU5VVTRt5GxbeZ5qBuJr+HyLYkjQ==",
      "peer": true
    },
    "node_modules/postcss": {
      "version": "8.4.33",
      "resolved": "https://registry.npmjs.org/postcss/-/postcss-8.4.33.tgz",
      "integrity": "sha512-Kkpbhhdjw2qQs2O2DGX+8m5OVqEcbB9HRBvuYM9pgrjEFUg30A9LmXNlTAUj4S9kgtGyrMbTzVjH7E+s5Re2yg==",
      "funding": [
        {
          "type": "opencollective",
          "url": "https://opencollective.com/postcss/"
        },
        {
          "type": "tidelift",
          "url": "https://tidelift.com/funding/github/npm/postcss"
        },
        {
          "type": "github",
          "url": "https://github.com/sponsors/ai"
        }
      ],
      "peer": true,
      "dependencies": {
        "nanoid": "^3.3.7",
        "picocolors": "^1.0.0",
        "source-map-js": "^1.0.2"
      },
      "engines": {
        "node": "^10 || ^12 || >=14"
      }
    },
    "node_modules/source-map-js": {
      "version": "1.0.2",
      "resolved": "https://registry.npmjs.org/source-map-js/-/source-map-js-1.0.2.tgz",
      "integrity": "sha512-R0XvVJ9WusLiqTCEiGCmICCMplcCkIwwR11mOSD9CR5u+IXYdiseeEuXCVAjS54zqwkLcPNnmU4OeJ6tUrWhDw==",
      "peer": true,
      "engines": {
        "node": ">=0.10.0"
      }
    },
    "node_modules/vue": {
      "version": "3.4.15",
      "resolved": "https://registry.npmjs.org/vue/-/vue-3.4.15.tgz",
      "integrity": "sha512-jC0GH4KkWLWJOEQjOpkqU1bQsBwf4R1rsFtw5GQJbjHVKWDzO6P0nWWBTmjp1xSemAioDFj1jdaK1qa3DnMQoQ==",
      "peer": true,
      "dependencies": {
        "@vue/compiler-dom": "3.4.15",
        "@vue/compiler-sfc": "3.4.15",
        "@vue/runtime-dom": "3.4.15",
        "@vue/server-renderer": "3.4.15",
        "@vue/shared": "3.4.15"
      },
      "peerDependencies": {
        "typescript": "*"
      },
      "peerDependenciesMeta": {
        "typescript": {
          "optional": true
        }
      }
    }
  }
}
